// !$*UTF8*$!
{
	archiveVersion = 1;
	classes = {
	};
	objectVersion = 46;
	objects = {

/* Begin PBXBuildFile section */
		B054E9BB1BE53C8C0049AD52 /* AppDelegate.swift in Sources */ = {isa = PBXBuildFile; fileRef = B054E9B41BE53C8C0049AD52 /* AppDelegate.swift */; };
		B054E9BC1BE53C8C0049AD52 /* Assets.xcassets in Resources */ = {isa = PBXBuildFile; fileRef = B054E9B51BE53C8C0049AD52 /* Assets.xcassets */; };
		B054E9BD1BE53C8C0049AD52 /* Main.storyboard in Resources */ = {isa = PBXBuildFile; fileRef = B054E9B61BE53C8C0049AD52 /* Main.storyboard */; };
		B054E9BE1BE53C8C0049AD52 /* Info.plist in Resources */ = {isa = PBXBuildFile; fileRef = B054E9B81BE53C8C0049AD52 /* Info.plist */; };
		B054E9BF1BE53C8C0049AD52 /* shuffle.swift in Sources */ = {isa = PBXBuildFile; fileRef = B054E9B91BE53C8C0049AD52 /* shuffle.swift */; };
		B054E9C01BE53C8C0049AD52 /* ViewController.swift in Sources */ = {isa = PBXBuildFile; fileRef = B054E9BA1BE53C8C0049AD52 /* ViewController.swift */; };
		B0E68B081BE630A70035149A /* Images.xcassets in Resources */ = {isa = PBXBuildFile; fileRef = B0E68B071BE630A70035149A /* Images.xcassets */; };
/* End PBXBuildFile section */

/* Begin PBXContainerItemProxy section */
		C9469EB31BAE54910033713C /* PBXContainerItemProxy */ = {
			isa = PBXContainerItemProxy;
			containerPortal = C9469E991BAE54900033713C /* Project object */;
			proxyType = 1;
			remoteGlobalIDString = C9469EA01BAE54900033713C;
			remoteInfo = RekenTV;
		};
/* End PBXContainerItemProxy section */

/* Begin PBXFileReference section */
		B054E9B41BE53C8C0049AD52 /* AppDelegate.swift */ = {isa = PBXFileReference; fileEncoding = 4; lastKnownFileType = sourcecode.swift; path = AppDelegate.swift; sourceTree = "<group>"; };
		B054E9B51BE53C8C0049AD52 /* Assets.xcassets */ = {isa = PBXFileReference; lastKnownFileType = folder.assetcatalog; path = Assets.xcassets; sourceTree = "<group>"; };
		B054E9B71BE53C8C0049AD52 /* Base */ = {isa = PBXFileReference; lastKnownFileType = file.storyboard; name = Base; path = Base.lproj/Main.storyboard; sourceTree = "<group>"; };
		B054E9B81BE53C8C0049AD52 /* Info.plist */ = {isa = PBXFileReference; fileEncoding = 4; lastKnownFileType = text.plist.xml; path = Info.plist; sourceTree = "<group>"; };
		B054E9B91BE53C8C0049AD52 /* shuffle.swift */ = {isa = PBXFileReference; fileEncoding = 4; lastKnownFileType = sourcecode.swift; path = shuffle.swift; sourceTree = "<group>"; };
		B054E9BA1BE53C8C0049AD52 /* ViewController.swift */ = {isa = PBXFileReference; fileEncoding = 4; lastKnownFileType = sourcecode.swift; path = ViewController.swift; sourceTree = "<group>"; };
		B0CB920C1BE60398001AC9F3 /* RekenTV.app */ = {isa = PBXFileReference; explicitFileType = wrapper.application; includeInIndex = 0; name = RekenTV.app; path = "/Users/roy/git/rekentv/build/Debug-appletvos/RekenTV.app"; sourceTree = "<absolute>"; };
		B0CB920D1BE60398001AC9F3 /* RekenTVTests.xctest */ = {isa = PBXFileReference; explicitFileType = wrapper.cfbundle; includeInIndex = 0; name = RekenTVTests.xctest; path = "/Users/roy/git/rekentv/build/Debug-appletvos/RekenTVTests.xctest"; sourceTree = "<absolute>"; };
		B0E68B071BE630A70035149A /* Images.xcassets */ = {isa = PBXFileReference; lastKnownFileType = folder.assetcatalog; path = Images.xcassets; sourceTree = "<group>"; };
/* End PBXFileReference section */

/* Begin PBXFrameworksBuildPhase section */
		C9469E9E1BAE54900033713C /* Frameworks */ = {
			isa = PBXFrameworksBuildPhase;
			buildActionMask = 2147483647;
			files = (
			);
			runOnlyForDeploymentPostprocessing = 0;
		};
		C9469EAF1BAE54910033713C /* Frameworks */ = {
			isa = PBXFrameworksBuildPhase;
			buildActionMask = 2147483647;
			files = (
			);
			runOnlyForDeploymentPostprocessing = 0;
		};
/* End PBXFrameworksBuildPhase section */

/* Begin PBXGroup section */
		B054E9B31BE53C8C0049AD52 /* RekenTV */ = {
			isa = PBXGroup;
			children = (
				B054E9B41BE53C8C0049AD52 /* AppDelegate.swift */,
				B054E9B51BE53C8C0049AD52 /* Assets.xcassets */,
				B054E9B61BE53C8C0049AD52 /* Main.storyboard */,
				B054E9B81BE53C8C0049AD52 /* Info.plist */,
				B054E9B91BE53C8C0049AD52 /* shuffle.swift */,
				B054E9BA1BE53C8C0049AD52 /* ViewController.swift */,
				B0E68B071BE630A70035149A /* Images.xcassets */,
			);
			path = RekenTV;
			sourceTree = "<group>";
		};
		C9469E981BAE54900033713C = {
			isa = PBXGroup;
			children = (
				B054E9B31BE53C8C0049AD52 /* RekenTV */,
			);
			sourceTree = "<group>";
		};
/* End PBXGroup section */

/* Begin PBXNativeTarget section */
		C9469EA01BAE54900033713C /* RekenTV */ = {
			isa = PBXNativeTarget;
			buildConfigurationList = C9469EBB1BAE54910033713C /* Build configuration list for PBXNativeTarget "RekenTV" */;
			buildPhases = (
				C9469E9D1BAE54900033713C /* Sources */,
				C9469E9E1BAE54900033713C /* Frameworks */,
				C9469E9F1BAE54900033713C /* Resources */,
			);
			buildRules = (
			);
			dependencies = (
			);
			name = RekenTV;
			productName = RekenTV;
			productReference = B0CB920C1BE60398001AC9F3 /* RekenTV.app */;
			productType = "com.apple.product-type.application";
		};
		C9469EB11BAE54910033713C /* RekenTVTests */ = {
			isa = PBXNativeTarget;
			buildConfigurationList = C9469EBE1BAE54910033713C /* Build configuration list for PBXNativeTarget "RekenTVTests" */;
			buildPhases = (
				C9469EAE1BAE54910033713C /* Sources */,
				C9469EAF1BAE54910033713C /* Frameworks */,
				C9469EB01BAE54910033713C /* Resources */,
			);
			buildRules = (
			);
			dependencies = (
				C9469EB41BAE54910033713C /* PBXTargetDependency */,
			);
			name = RekenTVTests;
			productName = RekenTVTests;
			productReference = B0CB920D1BE60398001AC9F3 /* RekenTVTests.xctest */;
			productType = "com.apple.product-type.bundle.unit-test";
		};
/* End PBXNativeTarget section */

/* Begin PBXProject section */
		C9469E991BAE54900033713C /* Project object */ = {
			isa = PBXProject;
			attributes = {
				LastUpgradeCheck = 0710;
				ORGANIZATIONNAME = com.twomobiledudes;
				TargetAttributes = {
					C9469EA01BAE54900033713C = {
						CreatedOnToolsVersion = 7.1;
						DevelopmentTeam = TP737ZY7FM;
					};
					C9469EB11BAE54910033713C = {
						CreatedOnToolsVersion = 7.1;
						TestTargetID = C9469EA01BAE54900033713C;
					};
				};
			};
			buildConfigurationList = C9469E9C1BAE54900033713C /* Build configuration list for PBXProject "RekenTV" */;
			compatibilityVersion = "Xcode 3.2";
			developmentRegion = English;
			hasScannedForEncodings = 0;
			knownRegions = (
				en,
				Base,
			);
			mainGroup = C9469E981BAE54900033713C;
			productRefGroup = C9469E981BAE54900033713C;
			projectDirPath = "";
			projectRoot = "";
			targets = (
				C9469EA01BAE54900033713C /* RekenTV */,
				C9469EB11BAE54910033713C /* RekenTVTests */,
			);
		};
/* End PBXProject section */

/* Begin PBXResourcesBuildPhase section */
		C9469E9F1BAE54900033713C /* Resources */ = {
			isa = PBXResourcesBuildPhase;
			buildActionMask = 2147483647;
			files = (
				B054E9BC1BE53C8C0049AD52 /* Assets.xcassets in Resources */,
				B0E68B081BE630A70035149A /* Images.xcassets in Resources */,
				B054E9BD1BE53C8C0049AD52 /* Main.storyboard in Resources */,
				B054E9BE1BE53C8C0049AD52 /* Info.plist in Resources */,
			);
			runOnlyForDeploymentPostprocessing = 0;
		};
		C9469EB01BAE54910033713C /* Resources */ = {
			isa = PBXResourcesBuildPhase;
			buildActionMask = 2147483647;
			files = (
			);
			runOnlyForDeploymentPostprocessing = 0;
		};
/* End PBXResourcesBuildPhase section */

/* Begin PBXSourcesBuildPhase section */
		C9469E9D1BAE54900033713C /* Sources */ = {
			isa = PBXSourcesBuildPhase;
			buildActionMask = 2147483647;
			files = (
				B054E9C01BE53C8C0049AD52 /* ViewController.swift in Sources */,
				B054E9BB1BE53C8C0049AD52 /* AppDelegate.swift in Sources */,
				B054E9BF1BE53C8C0049AD52 /* shuffle.swift in Sources */,
			);
			runOnlyForDeploymentPostprocessing = 0;
		};
		C9469EAE1BAE54910033713C /* Sources */ = {
			isa = PBXSourcesBuildPhase;
			buildActionMask = 2147483647;
			files = (
			);
			runOnlyForDeploymentPostprocessing = 0;
		};
/* End PBXSourcesBuildPhase section */

/* Begin PBXTargetDependency section */
		C9469EB41BAE54910033713C /* PBXTargetDependency */ = {
			isa = PBXTargetDependency;
			target = C9469EA01BAE54900033713C /* RekenTV */;
			targetProxy = C9469EB31BAE54910033713C /* PBXContainerItemProxy */;
		};
/* End PBXTargetDependency section */

/* Begin PBXVariantGroup section */
		B054E9B61BE53C8C0049AD52 /* Main.storyboard */ = {
			isa = PBXVariantGroup;
			children = (
				B054E9B71BE53C8C0049AD52 /* Base */,
			);
			name = Main.storyboard;
			sourceTree = "<group>";
		};
/* End PBXVariantGroup section */

/* Begin XCBuildConfiguration section */
		C9469EB91BAE54910033713C /* Debug */ = {
			isa = XCBuildConfiguration;
			buildSettings = {
				ALWAYS_SEARCH_USER_PATHS = NO;
				CLANG_CXX_LANGUAGE_STANDARD = "gnu++0x";
				CLANG_CXX_LIBRARY = "libc++";
				CLANG_ENABLE_MODULES = YES;
				CLANG_ENABLE_OBJC_ARC = YES;
				CLANG_WARN_BOOL_CONVERSION = YES;
				CLANG_WARN_CONSTANT_CONVERSION = YES;
				CLANG_WARN_DIRECT_OBJC_ISA_USAGE = YES_ERROR;
				CLANG_WARN_EMPTY_BODY = YES;
				CLANG_WARN_ENUM_CONVERSION = YES;
				CLANG_WARN_INT_CONVERSION = YES;
				CLANG_WARN_OBJC_ROOT_CLASS = YES_ERROR;
				CLANG_WARN_UNREACHABLE_CODE = YES;
				CLANG_WARN__DUPLICATE_METHOD_MATCH = YES;
				COPY_PHASE_STRIP = NO;
				DEBUG_INFORMATION_FORMAT = dwarf;
				ENABLE_STRICT_OBJC_MSGSEND = YES;
				ENABLE_TESTABILITY = YES;
				GCC_C_LANGUAGE_STANDARD = gnu99;
				GCC_DYNAMIC_NO_PIC = NO;
				GCC_NO_COMMON_BLOCKS = YES;
				GCC_OPTIMIZATION_LEVEL = 0;
				GCC_PREPROCESSOR_DEFINITIONS = (
					"DEBUG=1",
					"$(inherited)",
				);
				GCC_WARN_64_TO_32_BIT_CONVERSION = YES;
				GCC_WARN_ABOUT_RETURN_TYPE = YES_ERROR;
				GCC_WARN_UNDECLARED_SELECTOR = YES;
				GCC_WARN_UNINITIALIZED_AUTOS = YES_AGGRESSIVE;
				GCC_WARN_UNUSED_FUNCTION = YES;
				GCC_WARN_UNUSED_VARIABLE = YES;
				MTL_ENABLE_DEBUG_INFO = YES;
				ONLY_ACTIVE_ARCH = YES;
				SDKROOT = appletvos;
				SWIFT_OPTIMIZATION_LEVEL = "-Onone";
				TARGETED_DEVICE_FAMILY = 3;
				TVOS_DEPLOYMENT_TARGET = 9.0;
			};
			name = Debug;
		};
		C9469EBA1BAE54910033713C /* Release */ = {
			isa = XCBuildConfiguration;
			buildSettings = {
				ALWAYS_SEARCH_USER_PATHS = NO;
				CLANG_CXX_LANGUAGE_STANDARD = "gnu++0x";
				CLANG_CXX_LIBRARY = "libc++";
				CLANG_ENABLE_MODULES = YES;
				CLANG_ENABLE_OBJC_ARC = YES;
				CLANG_WARN_BOOL_CONVERSION = YES;
				CLANG_WARN_CONSTANT_CONVERSION = YES;
				CLANG_WARN_DIRECT_OBJC_ISA_USAGE = YES_ERROR;
				CLANG_WARN_EMPTY_BODY = YES;
				CLANG_WARN_ENUM_CONVERSION = YES;
				CLANG_WARN_INT_CONVERSION = YES;
				CLANG_WARN_OBJC_ROOT_CLASS = YES_ERROR;
				CLANG_WARN_UNREACHABLE_CODE = YES;
				CLANG_WARN__DUPLICATE_METHOD_MATCH = YES;
				COPY_PHASE_STRIP = NO;
				DEBUG_INFORMATION_FORMAT = "dwarf-with-dsym";
				ENABLE_NS_ASSERTIONS = NO;
				ENABLE_STRICT_OBJC_MSGSEND = YES;
				GCC_C_LANGUAGE_STANDARD = gnu99;
				GCC_NO_COMMON_BLOCKS = YES;
				GCC_WARN_64_TO_32_BIT_CONVERSION = YES;
				GCC_WARN_ABOUT_RETURN_TYPE = YES_ERROR;
				GCC_WARN_UNDECLARED_SELECTOR = YES;
				GCC_WARN_UNINITIALIZED_AUTOS = YES_AGGRESSIVE;
				GCC_WARN_UNUSED_FUNCTION = YES;
				GCC_WARN_UNUSED_VARIABLE = YES;
				MTL_ENABLE_DEBUG_INFO = NO;
				SDKROOT = appletvos;
				TARGETED_DEVICE_FAMILY = 3;
				TVOS_DEPLOYMENT_TARGET = 9.0;
				VALIDATE_PRODUCT = YES;
			};
			name = Release;
		};
		C9469EBC1BAE54910033713C /* Debug */ = {
			isa = XCBuildConfiguration;
			buildSettings = {
				ASSETCATALOG_COMPILER_APPICON_NAME = "Brand Assets";
				ASSETCATALOG_COMPILER_LAUNCHIMAGE_NAME = "Brand Assets";
				CODE_SIGN_IDENTITY = "iPhone Developer";
				"CODE_SIGN_IDENTITY[sdk=appletvos*]" = "iPhone Developer";
				INFOPLIST_FILE = "$(SRCROOT)/RekenTV/Info.plist";
				LD_RUNPATH_SEARCH_PATHS = "$(inherited) @executable_path/Frameworks";
				PRODUCT_BUNDLE_IDENTIFIER = com.twomobiledudes.rekentv;
				PRODUCT_NAME = "$(TARGET_NAME)";
				PROVISIONING_PROFILE = "";
				TVOS_DEPLOYMENT_TARGET = 9.0;
			};
			name = Debug;
		};
		C9469EBD1BAE54910033713C /* Release */ = {
			isa = XCBuildConfiguration;
			buildSettings = {
				ASSETCATALOG_COMPILER_APPICON_NAME = "Brand Assets";
				ASSETCATALOG_COMPILER_LAUNCHIMAGE_NAME = "Brand Assets";
				CODE_SIGN_IDENTITY = "iPhone Developer";
				"CODE_SIGN_IDENTITY[sdk=appletvos*]" = "iPhone Developer";
				INFOPLIST_FILE = "$(SRCROOT)/RekenTV/Info.plist";
				LD_RUNPATH_SEARCH_PATHS = "$(inherited) @executable_path/Frameworks";
				PRODUCT_BUNDLE_IDENTIFIER = com.twomobiledudes.rekentv;
				PRODUCT_NAME = "$(TARGET_NAME)";
				PROVISIONING_PROFILE = "";
				TVOS_DEPLOYMENT_TARGET = 9.0;
			};
			name = Release;
		};
		C9469EBF1BAE54910033713C /* Debug */ = {
			isa = XCBuildConfiguration;
			buildSettings = {
				BUNDLE_LOADER = "$(TEST_HOST)";
				INFOPLIST_FILE = RekenTVTests/Info.plist;
				LD_RUNPATH_SEARCH_PATHS = "$(inherited) @executable_path/Frameworks @loader_path/Frameworks";
				PRODUCT_BUNDLE_IDENTIFIER = com.theunder100.RekenTVTests;
				PRODUCT_NAME = "$(TARGET_NAME)";
				TEST_HOST = "$(BUILT_PRODUCTS_DIR)/RekenTV.app/RekenTV";
			};
			name = Debug;
		};
		C9469EC01BAE54910033713C /* Release */ = {
			isa = XCBuildConfiguration;
			buildSettings = {
				BUNDLE_LOADER = "$(TEST_HOST)";
				INFOPLIST_FILE = RekenTVTests/Info.plist;
				LD_RUNPATH_SEARCH_PATHS = "$(inherited) @executable_path/Frameworks @loader_path/Frameworks";
				PRODUCT_BUNDLE_IDENTIFIER = com.theunder100.RekenTVTests;
				PRODUCT_NAME = "$(TARGET_NAME)";
				TEST_HOST = "$(BUILT_PRODUCTS_DIR)/RekenTV.app/RekenTV";
			};
			name = Release;
		};
/* End XCBuildConfiguration section */

/* Begin XCConfigurationList section */
		C9469E9C1BAE54900033713C /* Build configuration list for PBXProject "RekenTV" */ = {
			isa = XCConfigurationList;
			buildConfigurations = (
				C9469EB91BAE54910033713C /* Debug */,
				C9469EBA1BAE54910033713C /* Release */,
			);
			defaultConfigurationIsVisible = 0;
			defaultConfigurationName = Release;
		};
		C9469EBB1BAE54910033713C /* Build configuration list for PBXNativeTarget "RekenTV" */ = {
			isa = XCConfigurationList;
			buildConfigurations = (
				C9469EBC1BAE54910033713C /* Debug */,
				C9469EBD1BAE54910033713C /* Release */,
			);
			defaultConfigurationIsVisible = 0;
			defaultConfigurationName = Release;
		};
		C9469EBE1BAE54910033713C /* Build configuration list for PBXNativeTarget "RekenTVTests" */ = {
			isa = XCConfigurationList;
			buildConfigurations = (
				C9469EBF1BAE54910033713C /* Debug */,
				C9469EC01BAE54910033713C /* Release */,
			);
			defaultConfigurationIsVisible = 0;
			defaultConfigurationName = Release;
		};
/* End XCConfigurationList section */
	};
	rootObject = C9469E991BAE54900033713C /* Project object */;
}
